
Microsoft Visual Studio Solution File, Format Version 12.00
# Visual Studio 15
VisualStudioVersion = 15.0.27703.2035
MinimumVisualStudioVersion = 10.0.40219.1
Project("{9A19103F-16F7-4668-BE54-9A1E7A4F7556}") = "Agero.Core.SplunkLogger.Async.Core", "Agero.Core.SplunkLogger.Async.Core\Agero.Core.SplunkLogger.Async.Core.csproj", "{236BA72E-719F-4E25-8C80-D3064CB6F203}"
EndProject
Global
	GlobalSection(SolutionConfigurationPlatforms) = preSolution
		Debug|Any CPU = Debug|Any CPU
		Release|Any CPU = Release|Any CPU
	EndGlobalSection
	GlobalSection(ProjectConfigurationPlatforms) = postSolution
		{236BA72E-719F-4E25-8C80-D3064CB6F203}.Debug|Any CPU.ActiveCfg = Debug|Any CPU
		{236BA72E-719F-4E25-8C80-D3064CB6F203}.Debug|Any CPU.Build.0 = Debug|Any CPU
		{236BA72E-719F-4E25-8C80-D3064CB6F203}.Release|Any CPU.ActiveCfg = Release|Any CPU
		{236BA72E-719F-4E25-8C80-D3064CB6F203}.Release|Any CPU.Build.0 = Release|Any CPU
	EndGlobalSection
	GlobalSection(SolutionProperties) = preSolution
		HideSolutionNode = FALSE
	EndGlobalSection
	GlobalSection(ExtensibilityGlobals) = postSolution
		SolutionGuid = {4C397309-F02E-45D5-86A4-D6EE08ED2B89}
	EndGlobalSection
EndGlobal
